// !$*UTF8*$!
{
	archiveVersion = 1;
	classes = {
	};
	objectVersion = 46;
	objects = {

/* Begin PBXBuildFile section */
		0811E8EEC462ABBAE2F3EAFB /* Pods_ATParseTests.framework in Frameworks */ = {isa = PBXBuildFile; fileRef = 3FFB999B3499923BE9BD36FE /* Pods_ATParseTests.framework */; };
		BE7D11C281DDC87C2E240562 /* Pods_ATParse.framework in Frameworks */ = {isa = PBXBuildFile; fileRef = 1AE4DCDF6ED5A4682B9AE771 /* Pods_ATParse.framework */; };
		EA09D2D51E1D6171008753B2 /* ATParseObject.swift in Sources */ = {isa = PBXBuildFile; fileRef = EA09D2D41E1D6171008753B2 /* ATParseObject.swift */; };
		EA7EBB6A1E2510AB00EFD183 /* DownloadOperationTests.swift in Sources */ = {isa = PBXBuildFile; fileRef = EA7EBB691E2510AB00EFD183 /* DownloadOperationTests.swift */; };
		EAE127871E0A8605009F41F5 /* ATParse.framework in Frameworks */ = {isa = PBXBuildFile; fileRef = EAE1277D1E0A8605009F41F5 /* ATParse.framework */; };
		EAE1278C1E0A8605009F41F5 /* ATParseTests.swift in Sources */ = {isa = PBXBuildFile; fileRef = EAE1278B1E0A8605009F41F5 /* ATParseTests.swift */; };
		EAE1278E1E0A8605009F41F5 /* ATParse.h in Headers */ = {isa = PBXBuildFile; fileRef = EAE127801E0A8605009F41F5 /* ATParse.h */; settings = {ATTRIBUTES = (Public, ); }; };
		EAE1279B1E0A8BD3009F41F5 /* ParseClassObjectsDownloadOperation.swift in Sources */ = {isa = PBXBuildFile; fileRef = EAE1279A1E0A8BD3009F41F5 /* ParseClassObjectsDownloadOperation.swift */; };
		EAE1279D1E0A8E8F009F41F5 /* Errors.swift in Sources */ = {isa = PBXBuildFile; fileRef = EAE1279C1E0A8E8F009F41F5 /* Errors.swift */; };
		EAE1279F1E0A94B8009F41F5 /* ParseUserLoginOperation.swift in Sources */ = {isa = PBXBuildFile; fileRef = EAE1279E1E0A94B8009F41F5 /* ParseUserLoginOperation.swift */; };
		EAE127A11E0AA649009F41F5 /* API.swift in Sources */ = {isa = PBXBuildFile; fileRef = EAE127A01E0AA649009F41F5 /* API.swift */; };
		EAE127A31E0AA901009F41F5 /* ParseOperationQueues.swift in Sources */ = {isa = PBXBuildFile; fileRef = EAE127A21E0AA901009F41F5 /* ParseOperationQueues.swift */; };
		EAE127C01E0AEA1A009F41F5 /* ATParse.podspec in Resources */ = {isa = PBXBuildFile; fileRef = EAE127BF1E0AEA1A009F41F5 /* ATParse.podspec */; };
/* End PBXBuildFile section */

/* Begin PBXContainerItemProxy section */
		EAE127881E0A8605009F41F5 /* PBXContainerItemProxy */ = {
			isa = PBXContainerItemProxy;
			containerPortal = EAE127741E0A8605009F41F5 /* Project object */;
			proxyType = 1;
			remoteGlobalIDString = EAE1277C1E0A8605009F41F5;
			remoteInfo = ATParse;
		};
/* End PBXContainerItemProxy section */

/* Begin PBXFileReference section */
		170CC95DD8896F1645C79D90 /* Pods-ATParse.debug.xcconfig */ = {isa = PBXFileReference; includeInIndex = 1; lastKnownFileType = text.xcconfig; name = "Pods-ATParse.debug.xcconfig"; path = "Pods/Target Support Files/Pods-ATParse/Pods-ATParse.debug.xcconfig"; sourceTree = "<group>"; };
		1AE4DCDF6ED5A4682B9AE771 /* Pods_ATParse.framework */ = {isa = PBXFileReference; explicitFileType = wrapper.framework; includeInIndex = 0; path = Pods_ATParse.framework; sourceTree = BUILT_PRODUCTS_DIR; };
		3FFB999B3499923BE9BD36FE /* Pods_ATParseTests.framework */ = {isa = PBXFileReference; explicitFileType = wrapper.framework; includeInIndex = 0; path = Pods_ATParseTests.framework; sourceTree = BUILT_PRODUCTS_DIR; };
		79508CA6886BE344B6A4E8CA /* Pods-ATParse.release.xcconfig */ = {isa = PBXFileReference; includeInIndex = 1; lastKnownFileType = text.xcconfig; name = "Pods-ATParse.release.xcconfig"; path = "Pods/Target Support Files/Pods-ATParse/Pods-ATParse.release.xcconfig"; sourceTree = "<group>"; };
		EA09D2D41E1D6171008753B2 /* ATParseObject.swift */ = {isa = PBXFileReference; fileEncoding = 4; lastKnownFileType = sourcecode.swift; path = ATParseObject.swift; sourceTree = "<group>"; };
		EA7EBB641E24F17A00EFD183 /* .travis.yml */ = {isa = PBXFileReference; lastKnownFileType = text; path = .travis.yml; sourceTree = SOURCE_ROOT; xcLanguageSpecificationIdentifier = xcode.lang.ruby; };
		EA7EBB691E2510AB00EFD183 /* DownloadOperationTests.swift */ = {isa = PBXFileReference; fileEncoding = 4; lastKnownFileType = sourcecode.swift; path = DownloadOperationTests.swift; sourceTree = "<group>"; };
		EA7EBB6D1E25358000EFD183 /* CHANGELOG.md */ = {isa = PBXFileReference; lastKnownFileType = net.daringfireball.markdown; path = CHANGELOG.md; sourceTree = SOURCE_ROOT; };
		EAE1277D1E0A8605009F41F5 /* ATParse.framework */ = {isa = PBXFileReference; explicitFileType = wrapper.framework; includeInIndex = 0; path = ATParse.framework; sourceTree = BUILT_PRODUCTS_DIR; };
		EAE127801E0A8605009F41F5 /* ATParse.h */ = {isa = PBXFileReference; lastKnownFileType = sourcecode.c.h; path = ATParse.h; sourceTree = "<group>"; };
		EAE127811E0A8605009F41F5 /* Info.plist */ = {isa = PBXFileReference; lastKnownFileType = text.plist.xml; path = Info.plist; sourceTree = "<group>"; };
		EAE127861E0A8605009F41F5 /* ATParseTests.xctest */ = {isa = PBXFileReference; explicitFileType = wrapper.cfbundle; includeInIndex = 0; path = ATParseTests.xctest; sourceTree = BUILT_PRODUCTS_DIR; };
		EAE1278B1E0A8605009F41F5 /* ATParseTests.swift */ = {isa = PBXFileReference; lastKnownFileType = sourcecode.swift; path = ATParseTests.swift; sourceTree = "<group>"; };
		EAE1278D1E0A8605009F41F5 /* Info.plist */ = {isa = PBXFileReference; lastKnownFileType = text.plist.xml; path = Info.plist; sourceTree = "<group>"; };
		EAE127971E0A8A9F009F41F5 /* Podfile */ = {isa = PBXFileReference; lastKnownFileType = text; path = Podfile; sourceTree = SOURCE_ROOT; xcLanguageSpecificationIdentifier = xcode.lang.ruby; };
		EAE1279A1E0A8BD3009F41F5 /* ParseClassObjectsDownloadOperation.swift */ = {isa = PBXFileReference; fileEncoding = 4; lastKnownFileType = sourcecode.swift; path = ParseClassObjectsDownloadOperation.swift; sourceTree = "<group>"; };
		EAE1279C1E0A8E8F009F41F5 /* Errors.swift */ = {isa = PBXFileReference; fileEncoding = 4; lastKnownFileType = sourcecode.swift; path = Errors.swift; sourceTree = "<group>"; };
		EAE1279E1E0A94B8009F41F5 /* ParseUserLoginOperation.swift */ = {isa = PBXFileReference; fileEncoding = 4; lastKnownFileType = sourcecode.swift; path = ParseUserLoginOperation.swift; sourceTree = "<group>"; };
		EAE127A01E0AA649009F41F5 /* API.swift */ = {isa = PBXFileReference; fileEncoding = 4; lastKnownFileType = sourcecode.swift; path = API.swift; sourceTree = "<group>"; };
		EAE127A21E0AA901009F41F5 /* ParseOperationQueues.swift */ = {isa = PBXFileReference; fileEncoding = 4; lastKnownFileType = sourcecode.swift; path = ParseOperationQueues.swift; sourceTree = "<group>"; };
		EAE127B41E0AB289009F41F5 /* Pods_ChassApp.framework */ = {isa = PBXFileReference; lastKnownFileType = wrapper.framework; name = Pods_ChassApp.framework; path = "../../Library/Developer/Xcode/DerivedData/ChassApp-ctqnfchhpuohsfduxjzozlrmgjby/Build/Products/Debug-iphonesimulator/Pods_ChassApp.framework"; sourceTree = "<group>"; };
		EAE127BF1E0AEA1A009F41F5 /* ATParse.podspec */ = {isa = PBXFileReference; fileEncoding = 4; lastKnownFileType = text; path = ATParse.podspec; sourceTree = SOURCE_ROOT; };
		F1999B0C7314353D36B9B8CE /* Pods-ATParseTests.release.xcconfig */ = {isa = PBXFileReference; includeInIndex = 1; lastKnownFileType = text.xcconfig; name = "Pods-ATParseTests.release.xcconfig"; path = "Pods/Target Support Files/Pods-ATParseTests/Pods-ATParseTests.release.xcconfig"; sourceTree = "<group>"; };
		F93141EF2B7F43401C7DC83D /* Pods-ATParseTests.debug.xcconfig */ = {isa = PBXFileReference; includeInIndex = 1; lastKnownFileType = text.xcconfig; name = "Pods-ATParseTests.debug.xcconfig"; path = "Pods/Target Support Files/Pods-ATParseTests/Pods-ATParseTests.debug.xcconfig"; sourceTree = "<group>"; };
/* End PBXFileReference section */

/* Begin PBXFrameworksBuildPhase section */
		EAE127791E0A8605009F41F5 /* Frameworks */ = {
			isa = PBXFrameworksBuildPhase;
			buildActionMask = 2147483647;
			files = (
				BE7D11C281DDC87C2E240562 /* Pods_ATParse.framework in Frameworks */,
			);
			runOnlyForDeploymentPostprocessing = 0;
		};
		EAE127831E0A8605009F41F5 /* Frameworks */ = {
			isa = PBXFrameworksBuildPhase;
			buildActionMask = 2147483647;
			files = (
				EAE127871E0A8605009F41F5 /* ATParse.framework in Frameworks */,
				0811E8EEC462ABBAE2F3EAFB /* Pods_ATParseTests.framework in Frameworks */,
			);
			runOnlyForDeploymentPostprocessing = 0;
		};
/* End PBXFrameworksBuildPhase section */

/* Begin PBXGroup section */
		7A62E2E4EEDDE73C844B251A /* Frameworks */ = {
			isa = PBXGroup;
			children = (
				EAE127B41E0AB289009F41F5 /* Pods_ChassApp.framework */,
				1AE4DCDF6ED5A4682B9AE771 /* Pods_ATParse.framework */,
				3FFB999B3499923BE9BD36FE /* Pods_ATParseTests.framework */,
			);
			name = Frameworks;
			sourceTree = "<group>";
		};
		BDC0703321645916027D6CD2 /* Pods */ = {
			isa = PBXGroup;
			children = (
				170CC95DD8896F1645C79D90 /* Pods-ATParse.debug.xcconfig */,
				79508CA6886BE344B6A4E8CA /* Pods-ATParse.release.xcconfig */,
				F93141EF2B7F43401C7DC83D /* Pods-ATParseTests.debug.xcconfig */,
				F1999B0C7314353D36B9B8CE /* Pods-ATParseTests.release.xcconfig */,
			);
			name = Pods;
			sourceTree = "<group>";
		};
		EAE127731E0A8605009F41F5 = {
			isa = PBXGroup;
			children = (
				EAE1277F1E0A8605009F41F5 /* ATParse */,
				EAE1278A1E0A8605009F41F5 /* ATParseTests */,
				EAE1277E1E0A8605009F41F5 /* Products */,
				BDC0703321645916027D6CD2 /* Pods */,
				7A62E2E4EEDDE73C844B251A /* Frameworks */,
			);
			sourceTree = "<group>";
		};
		EAE1277E1E0A8605009F41F5 /* Products */ = {
			isa = PBXGroup;
			children = (
				EAE1277D1E0A8605009F41F5 /* ATParse.framework */,
				EAE127861E0A8605009F41F5 /* ATParseTests.xctest */,
			);
			name = Products;
			sourceTree = "<group>";
		};
		EAE1277F1E0A8605009F41F5 /* ATParse */ = {
			isa = PBXGroup;
			children = (
				EAE127A01E0AA649009F41F5 /* API.swift */,
				EAE1279C1E0A8E8F009F41F5 /* Errors.swift */,
				EA09D2D41E1D6171008753B2 /* ATParseObject.swift */,
				EAE127991E0A8B8F009F41F5 /* Operations */,
				EAE127981E0A8AA5009F41F5 /* Resources */,
			);
			path = ATParse;
			sourceTree = "<group>";
		};
		EAE1278A1E0A8605009F41F5 /* ATParseTests */ = {
			isa = PBXGroup;
			children = (
				EAE1278B1E0A8605009F41F5 /* ATParseTests.swift */,
				EA7EBB691E2510AB00EFD183 /* DownloadOperationTests.swift */,
				EAE1278D1E0A8605009F41F5 /* Info.plist */,
			);
			path = ATParseTests;
			sourceTree = "<group>";
		};
		EAE127981E0A8AA5009F41F5 /* Resources */ = {
			isa = PBXGroup;
			children = (
				EAE127971E0A8A9F009F41F5 /* Podfile */,
				EAE127BF1E0AEA1A009F41F5 /* ATParse.podspec */,
				EAE127811E0A8605009F41F5 /* Info.plist */,
				EAE127801E0A8605009F41F5 /* ATParse.h */,
				EA7EBB641E24F17A00EFD183 /* .travis.yml */,
				EA7EBB6D1E25358000EFD183 /* CHANGELOG.md */,
			);
			name = Resources;
			sourceTree = "<group>";
		};
		EAE127991E0A8B8F009F41F5 /* Operations */ = {
			isa = PBXGroup;
			children = (
				EAE127A21E0AA901009F41F5 /* ParseOperationQueues.swift */,
				EAE1279E1E0A94B8009F41F5 /* ParseUserLoginOperation.swift */,
				EAE1279A1E0A8BD3009F41F5 /* ParseClassObjectsDownloadOperation.swift */,
			);
			name = Operations;
			sourceTree = "<group>";
		};
/* End PBXGroup section */

/* Begin PBXHeadersBuildPhase section */
		EAE1277A1E0A8605009F41F5 /* Headers */ = {
			isa = PBXHeadersBuildPhase;
			buildActionMask = 2147483647;
			files = (
				EAE1278E1E0A8605009F41F5 /* ATParse.h in Headers */,
			);
			runOnlyForDeploymentPostprocessing = 0;
		};
/* End PBXHeadersBuildPhase section */

/* Begin PBXNativeTarget section */
		EAE1277C1E0A8605009F41F5 /* ATParse */ = {
			isa = PBXNativeTarget;
			buildConfigurationList = EAE127911E0A8605009F41F5 /* Build configuration list for PBXNativeTarget "ATParse" */;
			buildPhases = (
				2E808846BA6272D5F73D1595 /* [CP] Check Pods Manifest.lock */,
				EAE127781E0A8605009F41F5 /* Sources */,
				EAE127791E0A8605009F41F5 /* Frameworks */,
				EAE1277A1E0A8605009F41F5 /* Headers */,
				EAE1277B1E0A8605009F41F5 /* Resources */,
				5DEE344BC80E2EE0A2F6BB64 /* [CP] Copy Pods Resources */,
			);
			buildRules = (
			);
			dependencies = (
			);
			name = ATParse;
			productName = ATParse;
			productReference = EAE1277D1E0A8605009F41F5 /* ATParse.framework */;
			productType = "com.apple.product-type.framework";
		};
		EAE127851E0A8605009F41F5 /* ATParseTests */ = {
			isa = PBXNativeTarget;
			buildConfigurationList = EAE127941E0A8605009F41F5 /* Build configuration list for PBXNativeTarget "ATParseTests" */;
			buildPhases = (
				D59505A918AE486F6EF09B5A /* [CP] Check Pods Manifest.lock */,
				EAE127821E0A8605009F41F5 /* Sources */,
				EAE127831E0A8605009F41F5 /* Frameworks */,
				EAE127841E0A8605009F41F5 /* Resources */,
				4173B673BC7E1296EE224B0A /* [CP] Embed Pods Frameworks */,
				52DB744C20E8F71DBCC6C88D /* [CP] Copy Pods Resources */,
			);
			buildRules = (
			);
			dependencies = (
				EAE127891E0A8605009F41F5 /* PBXTargetDependency */,
			);
			name = ATParseTests;
			productName = ATParseTests;
			productReference = EAE127861E0A8605009F41F5 /* ATParseTests.xctest */;
			productType = "com.apple.product-type.bundle.unit-test";
		};
/* End PBXNativeTarget section */

/* Begin PBXProject section */
		EAE127741E0A8605009F41F5 /* Project object */ = {
			isa = PBXProject;
			attributes = {
				LastSwiftUpdateCheck = 0820;
				LastUpgradeCheck = 0820;
				ORGANIZATIONNAME = AraTech;
				TargetAttributes = {
					EAE1277C1E0A8605009F41F5 = {
						CreatedOnToolsVersion = 8.2.1;
						LastSwiftMigration = 0820;
						ProvisioningStyle = Automatic;
					};
					EAE127851E0A8605009F41F5 = {
						CreatedOnToolsVersion = 8.2.1;
						ProvisioningStyle = Automatic;
					};
				};
			};
			buildConfigurationList = EAE127771E0A8605009F41F5 /* Build configuration list for PBXProject "ATParse" */;
			compatibilityVersion = "Xcode 3.2";
			developmentRegion = English;
			hasScannedForEncodings = 0;
			knownRegions = (
				en,
			);
			mainGroup = EAE127731E0A8605009F41F5;
			productRefGroup = EAE1277E1E0A8605009F41F5 /* Products */;
			projectDirPath = "";
			projectRoot = "";
			targets = (
				EAE1277C1E0A8605009F41F5 /* ATParse */,
				EAE127851E0A8605009F41F5 /* ATParseTests */,
			);
		};
/* End PBXProject section */

/* Begin PBXResourcesBuildPhase section */
		EAE1277B1E0A8605009F41F5 /* Resources */ = {
			isa = PBXResourcesBuildPhase;
			buildActionMask = 2147483647;
			files = (
				EAE127C01E0AEA1A009F41F5 /* ATParse.podspec in Resources */,
			);
			runOnlyForDeploymentPostprocessing = 0;
		};
		EAE127841E0A8605009F41F5 /* Resources */ = {
			isa = PBXResourcesBuildPhase;
			buildActionMask = 2147483647;
			files = (
			);
			runOnlyForDeploymentPostprocessing = 0;
		};
/* End PBXResourcesBuildPhase section */

/* Begin PBXShellScriptBuildPhase section */
		2E808846BA6272D5F73D1595 /* [CP] Check Pods Manifest.lock */ = {
			isa = PBXShellScriptBuildPhase;
			buildActionMask = 2147483647;
			files = (
			);
			inputPaths = (
			);
			name = "[CP] Check Pods Manifest.lock";
			outputPaths = (
			);
			runOnlyForDeploymentPostprocessing = 0;
			shellPath = /bin/sh;
			shellScript = "diff \"${PODS_PODFILE_DIR_PATH}/Podfile.lock\" \"${PODS_ROOT}/Manifest.lock\" > /dev/null\nif [ $? != 0 ] ; then\n    # print error to STDERR\n    echo \"error: The sandbox is not in sync with the Podfile.lock. Run 'pod install' or update your CocoaPods installation.\" >&2\n    exit 1\nfi\n";
			showEnvVarsInLog = 0;
		};
		4173B673BC7E1296EE224B0A /* [CP] Embed Pods Frameworks */ = {
			isa = PBXShellScriptBuildPhase;
			buildActionMask = 2147483647;
			files = (
			);
			inputPaths = (
			);
			name = "[CP] Embed Pods Frameworks";
			outputPaths = (
			);
			runOnlyForDeploymentPostprocessing = 0;
			shellPath = /bin/sh;
			shellScript = "\"${SRCROOT}/Pods/Target Support Files/Pods-ATParseTests/Pods-ATParseTests-frameworks.sh\"\n";
			showEnvVarsInLog = 0;
		};
		52DB744C20E8F71DBCC6C88D /* [CP] Copy Pods Resources */ = {
			isa = PBXShellScriptBuildPhase;
			buildActionMask = 2147483647;
			files = (
			);
			inputPaths = (
			);
			name = "[CP] Copy Pods Resources";
			outputPaths = (
			);
			runOnlyForDeploymentPostprocessing = 0;
			shellPath = /bin/sh;
			shellScript = "\"${SRCROOT}/Pods/Target Support Files/Pods-ATParseTests/Pods-ATParseTests-resources.sh\"\n";
			showEnvVarsInLog = 0;
		};
		5DEE344BC80E2EE0A2F6BB64 /* [CP] Copy Pods Resources */ = {
			isa = PBXShellScriptBuildPhase;
			buildActionMask = 2147483647;
			files = (
			);
			inputPaths = (
			);
			name = "[CP] Copy Pods Resources";
			outputPaths = (
			);
			runOnlyForDeploymentPostprocessing = 0;
			shellPath = /bin/sh;
			shellScript = "\"${SRCROOT}/Pods/Target Support Files/Pods-ATParse/Pods-ATParse-resources.sh\"\n";
			showEnvVarsInLog = 0;
		};
		D59505A918AE486F6EF09B5A /* [CP] Check Pods Manifest.lock */ = {
			isa = PBXShellScriptBuildPhase;
			buildActionMask = 2147483647;
			files = (
			);
			inputPaths = (
			);
			name = "[CP] Check Pods Manifest.lock";
			outputPaths = (
			);
			runOnlyForDeploymentPostprocessing = 0;
			shellPath = /bin/sh;
			shellScript = "diff \"${PODS_PODFILE_DIR_PATH}/Podfile.lock\" \"${PODS_ROOT}/Manifest.lock\" > /dev/null\nif [ $? != 0 ] ; then\n    # print error to STDERR\n    echo \"error: The sandbox is not in sync with the Podfile.lock. Run 'pod install' or update your CocoaPods installation.\" >&2\n    exit 1\nfi\n";
			showEnvVarsInLog = 0;
		};
/* End PBXShellScriptBuildPhase section */

/* Begin PBXSourcesBuildPhase section */
		EAE127781E0A8605009F41F5 /* Sources */ = {
			isa = PBXSourcesBuildPhase;
			buildActionMask = 2147483647;
			files = (
				EAE1279D1E0A8E8F009F41F5 /* Errors.swift in Sources */,
				EA09D2D51E1D6171008753B2 /* ATParseObject.swift in Sources */,
				EAE1279B1E0A8BD3009F41F5 /* ParseClassObjectsDownloadOperation.swift in Sources */,
				EAE127A11E0AA649009F41F5 /* API.swift in Sources */,
				EAE1279F1E0A94B8009F41F5 /* ParseUserLoginOperation.swift in Sources */,
				EAE127A31E0AA901009F41F5 /* ParseOperationQueues.swift in Sources */,
			);
			runOnlyForDeploymentPostprocessing = 0;
		};
		EAE127821E0A8605009F41F5 /* Sources */ = {
			isa = PBXSourcesBuildPhase;
			buildActionMask = 2147483647;
			files = (
				EAE1278C1E0A8605009F41F5 /* ATParseTests.swift in Sources */,
				EA7EBB6A1E2510AB00EFD183 /* DownloadOperationTests.swift in Sources */,
			);
			runOnlyForDeploymentPostprocessing = 0;
		};
/* End PBXSourcesBuildPhase section */

/* Begin PBXTargetDependency section */
		EAE127891E0A8605009F41F5 /* PBXTargetDependency */ = {
			isa = PBXTargetDependency;
			target = EAE1277C1E0A8605009F41F5 /* ATParse */;
			targetProxy = EAE127881E0A8605009F41F5 /* PBXContainerItemProxy */;
		};
/* End PBXTargetDependency section */

/* Begin XCBuildConfiguration section */
		EAE1278F1E0A8605009F41F5 /* Debug */ = {
			isa = XCBuildConfiguration;
			buildSettings = {
				ALWAYS_SEARCH_USER_PATHS = NO;
				CLANG_ANALYZER_NONNULL = YES;
				CLANG_CXX_LANGUAGE_STANDARD = "gnu++0x";
				CLANG_CXX_LIBRARY = "libc++";
				CLANG_ENABLE_MODULES = YES;
				CLANG_ENABLE_OBJC_ARC = YES;
				CLANG_WARN_BOOL_CONVERSION = YES;
				CLANG_WARN_CONSTANT_CONVERSION = YES;
				CLANG_WARN_DIRECT_OBJC_ISA_USAGE = YES_ERROR;
				CLANG_WARN_DOCUMENTATION_COMMENTS = YES;
				CLANG_WARN_EMPTY_BODY = YES;
				CLANG_WARN_ENUM_CONVERSION = YES;
				CLANG_WARN_INFINITE_RECURSION = YES;
				CLANG_WARN_INT_CONVERSION = YES;
				CLANG_WARN_OBJC_ROOT_CLASS = YES_ERROR;
				CLANG_WARN_SUSPICIOUS_MOVE = YES;
				CLANG_WARN_UNREACHABLE_CODE = YES;
				CLANG_WARN__DUPLICATE_METHOD_MATCH = YES;
				"CODE_SIGN_IDENTITY[sdk=iphoneos*]" = "iPhone Developer";
				COPY_PHASE_STRIP = NO;
				CURRENT_PROJECT_VERSION = 1;
				DEBUG_INFORMATION_FORMAT = dwarf;
				ENABLE_STRICT_OBJC_MSGSEND = YES;
				ENABLE_TESTABILITY = YES;
				GCC_C_LANGUAGE_STANDARD = gnu99;
				GCC_DYNAMIC_NO_PIC = NO;
				GCC_NO_COMMON_BLOCKS = YES;
				GCC_OPTIMIZATION_LEVEL = 0;
				GCC_PREPROCESSOR_DEFINITIONS = (
					"DEBUG=1",
					"$(inherited)",
				);
				GCC_WARN_64_TO_32_BIT_CONVERSION = YES;
				GCC_WARN_ABOUT_RETURN_TYPE = YES_ERROR;
				GCC_WARN_UNDECLARED_SELECTOR = YES;
				GCC_WARN_UNINITIALIZED_AUTOS = YES_AGGRESSIVE;
				GCC_WARN_UNUSED_FUNCTION = YES;
				GCC_WARN_UNUSED_VARIABLE = YES;
				IPHONEOS_DEPLOYMENT_TARGET = 9.0;
				MTL_ENABLE_DEBUG_INFO = YES;
				ONLY_ACTIVE_ARCH = YES;
				SDKROOT = iphoneos;
				SWIFT_ACTIVE_COMPILATION_CONDITIONS = DEBUG;
				SWIFT_OPTIMIZATION_LEVEL = "-Onone";
				TARGETED_DEVICE_FAMILY = "1,2";
				VERSIONING_SYSTEM = "apple-generic";
				VERSION_INFO_PREFIX = "";
			};
			name = Debug;
		};
		EAE127901E0A8605009F41F5 /* Release */ = {
			isa = XCBuildConfiguration;
			buildSettings = {
				ALWAYS_SEARCH_USER_PATHS = NO;
				CLANG_ANALYZER_NONNULL = YES;
				CLANG_CXX_LANGUAGE_STANDARD = "gnu++0x";
				CLANG_CXX_LIBRARY = "libc++";
				CLANG_ENABLE_MODULES = YES;
				CLANG_ENABLE_OBJC_ARC = YES;
				CLANG_WARN_BOOL_CONVERSION = YES;
				CLANG_WARN_CONSTANT_CONVERSION = YES;
				CLANG_WARN_DIRECT_OBJC_ISA_USAGE = YES_ERROR;
				CLANG_WARN_DOCUMENTATION_COMMENTS = YES;
				CLANG_WARN_EMPTY_BODY = YES;
				CLANG_WARN_ENUM_CONVERSION = YES;
				CLANG_WARN_INFINITE_RECURSION = YES;
				CLANG_WARN_INT_CONVERSION = YES;
				CLANG_WARN_OBJC_ROOT_CLASS = YES_ERROR;
				CLANG_WARN_SUSPICIOUS_MOVE = YES;
				CLANG_WARN_UNREACHABLE_CODE = YES;
				CLANG_WARN__DUPLICATE_METHOD_MATCH = YES;
				"CODE_SIGN_IDENTITY[sdk=iphoneos*]" = "iPhone Developer";
				COPY_PHASE_STRIP = NO;
				CURRENT_PROJECT_VERSION = 1;
				DEBUG_INFORMATION_FORMAT = "dwarf-with-dsym";
				ENABLE_NS_ASSERTIONS = NO;
				ENABLE_STRICT_OBJC_MSGSEND = YES;
				GCC_C_LANGUAGE_STANDARD = gnu99;
				GCC_NO_COMMON_BLOCKS = YES;
				GCC_WARN_64_TO_32_BIT_CONVERSION = YES;
				GCC_WARN_ABOUT_RETURN_TYPE = YES_ERROR;
				GCC_WARN_UNDECLARED_SELECTOR = YES;
				GCC_WARN_UNINITIALIZED_AUTOS = YES_AGGRESSIVE;
				GCC_WARN_UNUSED_FUNCTION = YES;
				GCC_WARN_UNUSED_VARIABLE = YES;
				IPHONEOS_DEPLOYMENT_TARGET = 9.0;
				MTL_ENABLE_DEBUG_INFO = NO;
				SDKROOT = iphoneos;
				SWIFT_OPTIMIZATION_LEVEL = "-Owholemodule";
				TARGETED_DEVICE_FAMILY = "1,2";
				VALIDATE_PRODUCT = YES;
				VERSIONING_SYSTEM = "apple-generic";
				VERSION_INFO_PREFIX = "";
			};
			name = Release;
		};
		EAE127921E0A8605009F41F5 /* Debug */ = {
			isa = XCBuildConfiguration;
			baseConfigurationReference = 170CC95DD8896F1645C79D90 /* Pods-ATParse.debug.xcconfig */;
			buildSettings = {
				CLANG_ENABLE_MODULES = YES;
				CODE_SIGN_IDENTITY = "";
				DEFINES_MODULE = YES;
				DYLIB_COMPATIBILITY_VERSION = 1;
				DYLIB_CURRENT_VERSION = 1;
				DYLIB_INSTALL_NAME_BASE = "@rpath";
				INFOPLIST_FILE = ATParse/Info.plist;
				INSTALL_PATH = "$(LOCAL_LIBRARY_DIR)/Frameworks";
				LD_RUNPATH_SEARCH_PATHS = "$(inherited) @executable_path/Frameworks @loader_path/Frameworks";
				PRODUCT_BUNDLE_IDENTIFIER = com.machukas.ATParse;
				PRODUCT_NAME = "$(TARGET_NAME)";
				SKIP_INSTALL = YES;
				SWIFT_OPTIMIZATION_LEVEL = "-Onone";
				SWIFT_VERSION = 3.0;
			};
			name = Debug;
		};
		EAE127931E0A8605009F41F5 /* Release */ = {
			isa = XCBuildConfiguration;
			baseConfigurationReference = 79508CA6886BE344B6A4E8CA /* Pods-ATParse.release.xcconfig */;
			buildSettings = {
				CLANG_ENABLE_MODULES = YES;
				CODE_SIGN_IDENTITY = "";
				DEFINES_MODULE = YES;
				DYLIB_COMPATIBILITY_VERSION = 1;
				DYLIB_CURRENT_VERSION = 1;
				DYLIB_INSTALL_NAME_BASE = "@rpath";
				INFOPLIST_FILE = ATParse/Info.plist;
				INSTALL_PATH = "$(LOCAL_LIBRARY_DIR)/Frameworks";
				LD_RUNPATH_SEARCH_PATHS = "$(inherited) @executable_path/Frameworks @loader_path/Frameworks";
				PRODUCT_BUNDLE_IDENTIFIER = com.machukas.ATParse;
				PRODUCT_NAME = "$(TARGET_NAME)";
				SKIP_INSTALL = YES;
				SWIFT_VERSION = 3.0;
			};
			name = Release;
		};
		EAE127951E0A8605009F41F5 /* Debug */ = {
			isa = XCBuildConfiguration;
			baseConfigurationReference = F93141EF2B7F43401C7DC83D /* Pods-ATParseTests.debug.xcconfig */;
			buildSettings = {
				ALWAYS_EMBED_SWIFT_STANDARD_LIBRARIES = YES;
				INFOPLIST_FILE = ATParseTests/Info.plist;
				LD_RUNPATH_SEARCH_PATHS = "$(inherited) @executable_path/Frameworks @loader_path/Frameworks";
				PRODUCT_BUNDLE_IDENTIFIER = com.machukas.ATParseTests;
				PRODUCT_NAME = "$(TARGET_NAME)";
				SWIFT_VERSION = 3.0;
			};
			name = Debug;
		};
		EAE127961E0A8605009F41F5 /* Release */ = {
			isa = XCBuildConfiguration;
			baseConfigurationReference = F1999B0C7314353D36B9B8CE /* Pods-ATParseTests.release.xcconfig */;
			buildSettings = {
				ALWAYS_EMBED_SWIFT_STANDARD_LIBRARIES = YES;
				INFOPLIST_FILE = ATParseTests/Info.plist;
				LD_RUNPATH_SEARCH_PATHS = "$(inherited) @executable_path/Frameworks @loader_path/Frameworks";
				PRODUCT_BUNDLE_IDENTIFIER = com.machukas.ATParseTests;
				PRODUCT_NAME = "$(TARGET_NAME)";
				SWIFT_VERSION = 3.0;
			};
			name = Release;
		};
/* End XCBuildConfiguration section */

/* Begin XCConfigurationList section */
		EAE127771E0A8605009F41F5 /* Build configuration list for PBXProject "ATParse" */ = {
			isa = XCConfigurationList;
			buildConfigurations = (
				EAE1278F1E0A8605009F41F5 /* Debug */,
				EAE127901E0A8605009F41F5 /* Release */,
			);
			defaultConfigurationIsVisible = 0;
			defaultConfigurationName = Release;
		};
		EAE127911E0A8605009F41F5 /* Build configuration list for PBXNativeTarget "ATParse" */ = {
			isa = XCConfigurationList;
			buildConfigurations = (
				EAE127921E0A8605009F41F5 /* Debug */,
				EAE127931E0A8605009F41F5 /* Release */,
			);
			defaultConfigurationIsVisible = 0;
			defaultConfigurationName = Release;
		};
		EAE127941E0A8605009F41F5 /* Build configuration list for PBXNativeTarget "ATParseTests" */ = {
			isa = XCConfigurationList;
			buildConfigurations = (
				EAE127951E0A8605009F41F5 /* Debug */,
				EAE127961E0A8605009F41F5 /* Release */,
			);
			defaultConfigurationIsVisible = 0;
			defaultConfigurationName = Release;
		};
/* End XCConfigurationList section */
	};
	rootObject = EAE127741E0A8605009F41F5 /* Project object */;
}
